
Microsoft Visual Studio Solution File, Format Version 12.00
# Visual Studio Version 17
VisualStudioVersion = 17.3.32819.101
MinimumVisualStudioVersion = 10.0.40219.1
Project("{FAE04EC0-301F-11D3-BF4B-00C04F79EFBC}") = "InjecaoDeDependencia", "InjecaoDeDependencia\InjecaoDeDependencia.csproj", "{6488D25D-F68A-4055-852A-3F92DDBF8101}"
EndProject
Global
	GlobalSection(SolutionConfigurationPlatforms) = preSolution
		Debug|Any CPU = Debug|Any CPU
		Release|Any CPU = Release|Any CPU
	EndGlobalSection
	GlobalSection(ProjectConfigurationPlatforms) = postSolution
		{6488D25D-F68A-4055-852A-3F92DDBF8101}.Debug|Any CPU.ActiveCfg = Debug|Any CPU
		{6488D25D-F68A-4055-852A-3F92DDBF8101}.Debug|Any CPU.Build.0 = Debug|Any CPU
		{6488D25D-F68A-4055-852A-3F92DDBF8101}.Release|Any CPU.ActiveCfg = Release|Any CPU
		{6488D25D-F68A-4055-852A-3F92DDBF8101}.Release|Any CPU.Build.0 = Release|Any CPU
	EndGlobalSection
	GlobalSection(SolutionProperties) = preSolution
		HideSolutionNode = FALSE
	EndGlobalSection
	GlobalSection(ExtensibilityGlobals) = postSolution
		SolutionGuid = {7266224C-6A8E-47D9-9966-7D1863F2FDBE}
	EndGlobalSection
EndGlobal
